// !$*UTF8*$!
{
	archiveVersion = 1;
	classes = {
	};
	objectVersion = 50;
	objects = {

/* Begin PBXBuildFile section */
		B1A38D88216DD16C007E06E5 /* AppDelegate.m in Sources */ = {isa = PBXBuildFile; fileRef = B1A38D87216DD16C007E06E5 /* AppDelegate.m */; };
		B1A38D8B216DD16C007E06E5 /* BNRDrawViewController.m in Sources */ = {isa = PBXBuildFile; fileRef = B1A38D8A216DD16C007E06E5 /* BNRDrawViewController.m */; };
		B1A38D8E216DD16C007E06E5 /* Main.storyboard in Resources */ = {isa = PBXBuildFile; fileRef = B1A38D8C216DD16C007E06E5 /* Main.storyboard */; };
		B1A38D90216DD16D007E06E5 /* Assets.xcassets in Resources */ = {isa = PBXBuildFile; fileRef = B1A38D8F216DD16D007E06E5 /* Assets.xcassets */; };
		B1A38D93216DD16D007E06E5 /* LaunchScreen.storyboard in Resources */ = {isa = PBXBuildFile; fileRef = B1A38D91216DD16D007E06E5 /* LaunchScreen.storyboard */; };
		B1A38D96216DD16D007E06E5 /* main.m in Sources */ = {isa = PBXBuildFile; fileRef = B1A38D95216DD16D007E06E5 /* main.m */; };
		B1A38D9E216DD270007E06E5 /* BNRLine.m in Sources */ = {isa = PBXBuildFile; fileRef = B1A38D9D216DD270007E06E5 /* BNRLine.m */; };
		B1A38DA1216DD3F5007E06E5 /* BNRDrawView.m in Sources */ = {isa = PBXBuildFile; fileRef = B1A38DA0216DD3F5007E06E5 /* BNRDrawView.m */; };
/* End PBXBuildFile section */

/* Begin PBXFileReference section */
		B1A38D83216DD16C007E06E5 /* TouchTracker.app */ = {isa = PBXFileReference; explicitFileType = wrapper.application; includeInIndex = 0; path = TouchTracker.app; sourceTree = BUILT_PRODUCTS_DIR; };
		B1A38D86216DD16C007E06E5 /* AppDelegate.h */ = {isa = PBXFileReference; lastKnownFileType = sourcecode.c.h; path = AppDelegate.h; sourceTree = "<group>"; };
		B1A38D87216DD16C007E06E5 /* AppDelegate.m */ = {isa = PBXFileReference; lastKnownFileType = sourcecode.c.objc; path = AppDelegate.m; sourceTree = "<group>"; };
		B1A38D89216DD16C007E06E5 /* BNRDrawViewController.h */ = {isa = PBXFileReference; lastKnownFileType = sourcecode.c.h; path = BNRDrawViewController.h; sourceTree = "<group>"; };
		B1A38D8A216DD16C007E06E5 /* BNRDrawViewController.m */ = {isa = PBXFileReference; lastKnownFileType = sourcecode.c.objc; path = BNRDrawViewController.m; sourceTree = "<group>"; };
		B1A38D8D216DD16C007E06E5 /* Base */ = {isa = PBXFileReference; lastKnownFileType = file.storyboard; name = Base; path = Base.lproj/Main.storyboard; sourceTree = "<group>"; };
		B1A38D8F216DD16D007E06E5 /* Assets.xcassets */ = {isa = PBXFileReference; lastKnownFileType = folder.assetcatalog; path = Assets.xcassets; sourceTree = "<group>"; };
		B1A38D92216DD16D007E06E5 /* Base */ = {isa = PBXFileReference; lastKnownFileType = file.storyboard; name = Base; path = Base.lproj/LaunchScreen.storyboard; sourceTree = "<group>"; };
		B1A38D94216DD16D007E06E5 /* Info.plist */ = {isa = PBXFileReference; lastKnownFileType = text.plist.xml; path = Info.plist; sourceTree = "<group>"; };
		B1A38D95216DD16D007E06E5 /* main.m */ = {isa = PBXFileReference; lastKnownFileType = sourcecode.c.objc; path = main.m; sourceTree = "<group>"; };
		B1A38D9C216DD270007E06E5 /* BNRLine.h */ = {isa = PBXFileReference; lastKnownFileType = sourcecode.c.h; path = BNRLine.h; sourceTree = "<group>"; };
		B1A38D9D216DD270007E06E5 /* BNRLine.m */ = {isa = PBXFileReference; lastKnownFileType = sourcecode.c.objc; path = BNRLine.m; sourceTree = "<group>"; };
		B1A38D9F216DD3F5007E06E5 /* BNRDrawView.h */ = {isa = PBXFileReference; lastKnownFileType = sourcecode.c.h; path = BNRDrawView.h; sourceTree = "<group>"; };
		B1A38DA0216DD3F5007E06E5 /* BNRDrawView.m */ = {isa = PBXFileReference; lastKnownFileType = sourcecode.c.objc; path = BNRDrawView.m; sourceTree = "<group>"; };
/* End PBXFileReference section */

/* Begin PBXFrameworksBuildPhase section */
		B1A38D80216DD16C007E06E5 /* Frameworks */ = {
			isa = PBXFrameworksBuildPhase;
			buildActionMask = 2147483647;
			files = (
			);
			runOnlyForDeploymentPostprocessing = 0;
		};
/* End PBXFrameworksBuildPhase section */

/* Begin PBXGroup section */
		B1A38D7A216DD16C007E06E5 = {
			isa = PBXGroup;
			children = (
				B1A38D85216DD16C007E06E5 /* TouchTracker */,
				B1A38D84216DD16C007E06E5 /* Products */,
			);
			sourceTree = "<group>";
		};
		B1A38D84216DD16C007E06E5 /* Products */ = {
			isa = PBXGroup;
			children = (
				B1A38D83216DD16C007E06E5 /* TouchTracker.app */,
			);
			name = Products;
			sourceTree = "<group>";
		};
		B1A38D85216DD16C007E06E5 /* TouchTracker */ = {
			isa = PBXGroup;
			children = (
				B1A38D86216DD16C007E06E5 /* AppDelegate.h */,
				B1A38D87216DD16C007E06E5 /* AppDelegate.m */,
				B1A38D89216DD16C007E06E5 /* BNRDrawViewController.h */,
				B1A38D8A216DD16C007E06E5 /* BNRDrawViewController.m */,
				B1A38D9F216DD3F5007E06E5 /* BNRDrawView.h */,
				B1A38DA0216DD3F5007E06E5 /* BNRDrawView.m */,
				B1A38D9C216DD270007E06E5 /* BNRLine.h */,
				B1A38D9D216DD270007E06E5 /* BNRLine.m */,
				B1A38D8C216DD16C007E06E5 /* Main.storyboard */,
				B1A38D8F216DD16D007E06E5 /* Assets.xcassets */,
				B1A38D91216DD16D007E06E5 /* LaunchScreen.storyboard */,
				B1A38D94216DD16D007E06E5 /* Info.plist */,
				B1A38D95216DD16D007E06E5 /* main.m */,
			);
			path = TouchTracker;
			sourceTree = "<group>";
		};
/* End PBXGroup section */

/* Begin PBXNativeTarget section */
		B1A38D82216DD16C007E06E5 /* TouchTracker */ = {
			isa = PBXNativeTarget;
			buildConfigurationList = B1A38D99216DD16D007E06E5 /* Build configuration list for PBXNativeTarget "TouchTracker" */;
			buildPhases = (
				B1A38D7F216DD16C007E06E5 /* Sources */,
				B1A38D80216DD16C007E06E5 /* Frameworks */,
				B1A38D81216DD16C007E06E5 /* Resources */,
			);
			buildRules = (
			);
			dependencies = (
			);
			name = TouchTracker;
			productName = TouchTracker;
			productReference = B1A38D83216DD16C007E06E5 /* TouchTracker.app */;
			productType = "com.apple.product-type.application";
		};
/* End PBXNativeTarget section */

/* Begin PBXProject section */
		B1A38D7B216DD16C007E06E5 /* Project object */ = {
			isa = PBXProject;
			attributes = {
				LastUpgradeCheck = 0940;
				ORGANIZATIONNAME = bfe;
				TargetAttributes = {
					B1A38D82216DD16C007E06E5 = {
						CreatedOnToolsVersion = 9.4.1;
					};
				};
			};
			buildConfigurationList = B1A38D7E216DD16C007E06E5 /* Build configuration list for PBXProject "TouchTracker" */;
			compatibilityVersion = "Xcode 9.3";
			developmentRegion = en;
			hasScannedForEncodings = 0;
			knownRegions = (
				en,
				Base,
			);
			mainGroup = B1A38D7A216DD16C007E06E5;
			productRefGroup = B1A38D84216DD16C007E06E5 /* Products */;
			projectDirPath = "";
			projectRoot = "";
			targets = (
				B1A38D82216DD16C007E06E5 /* TouchTracker */,
			);
		};
/* End PBXProject section */

/* Begin PBXResourcesBuildPhase section */
		B1A38D81216DD16C007E06E5 /* Resources */ = {
			isa = PBXResourcesBuildPhase;
			buildActionMask = 2147483647;
			files = (
				B1A38D93216DD16D007E06E5 /* LaunchScreen.storyboard in Resources */,
				B1A38D90216DD16D007E06E5 /* Assets.xcassets in Resources */,
				B1A38D8E216DD16C007E06E5 /* Main.storyboard in Resources */,
			);
			runOnlyForDeploymentPostprocessing = 0;
		};
/* End PBXResourcesBuildPhase section */

/* Begin PBXSourcesBuildPhase section */
		B1A38D7F216DD16C007E06E5 /* Sources */ = {
			isa = PBXSourcesBuildPhase;
			buildActionMask = 2147483647;
			files = (
				B1A38DA1216DD3F5007E06E5 /* BNRDrawView.m in Sources */,
				B1A38D8B216DD16C007E06E5 /* BNRDrawViewController.m in Sources */,
				B1A38D96216DD16D007E06E5 /* main.m in Sources */,
				B1A38D9E216DD270007E06E5 /* BNRLine.m in Sources */,
				B1A38D88216DD16C007E06E5 /* AppDelegate.m in Sources */,
			);
			runOnlyForDeploymentPostprocessing = 0;
		};
/* End PBXSourcesBuildPhase section */

/* Begin PBXVariantGroup section */
		B1A38D8C216DD16C007E06E5 /* Main.storyboard */ = {
			isa = PBXVariantGroup;
			children = (
				B1A38D8D216DD16C007E06E5 /* Base */,
			);
			name = Main.storyboard;
			sourceTree = "<group>";
		};
		B1A38D91216DD16D007E06E5 /* LaunchScreen.storyboard */ = {
			isa = PBXVariantGroup;
			children = (
				B1A38D92216DD16D007E06E5 /* Base */,
			);
			name = LaunchScreen.storyboard;
			sourceTree = "<group>";
		};
/* End PBXVariantGroup section */

/* Begin XCBuildConfiguration section */
		B1A38D97216DD16D007E06E5 /* Debug */ = {
			isa = XCBuildConfiguration;
			buildSettings = {
				ALWAYS_SEARCH_USER_PATHS = NO;
				CLANG_ANALYZER_NONNULL = YES;
				CLANG_ANALYZER_NUMBER_OBJECT_CONVERSION = YES_AGGRESSIVE;
				CLANG_CXX_LANGUAGE_STANDARD = "gnu++14";
				CLANG_CXX_LIBRARY = "libc++";
				CLANG_ENABLE_MODULES = YES;
				CLANG_ENABLE_OBJC_ARC = YES;
				CLANG_ENABLE_OBJC_WEAK = YES;
				CLANG_WARN_BLOCK_CAPTURE_AUTORELEASING = YES;
				CLANG_WARN_BOOL_CONVERSION = YES;
				CLANG_WARN_COMMA = YES;
				CLANG_WARN_CONSTANT_CONVERSION = YES;
				CLANG_WARN_DEPRECATED_OBJC_IMPLEMENTATIONS = YES;
				CLANG_WARN_DIRECT_OBJC_ISA_USAGE = YES_ERROR;
				CLANG_WARN_DOCUMENTATION_COMMENTS = YES;
				CLANG_WARN_EMPTY_BODY = YES;
				CLANG_WARN_ENUM_CONVERSION = YES;
				CLANG_WARN_INFINITE_RECURSION = YES;
				CLANG_WARN_INT_CONVERSION = YES;
				CLANG_WARN_NON_LITERAL_NULL_CONVERSION = YES;
				CLANG_WARN_OBJC_IMPLICIT_RETAIN_SELF = YES;
				CLANG_WARN_OBJC_LITERAL_CONVERSION = YES;
				CLANG_WARN_OBJC_ROOT_CLASS = YES_ERROR;
				CLANG_WARN_RANGE_LOOP_ANALYSIS = YES;
				CLANG_WARN_STRICT_PROTOTYPES = YES;
				CLANG_WARN_SUSPICIOUS_MOVE = YES;
				CLANG_WARN_UNGUARDED_AVAILABILITY = YES_AGGRESSIVE;
				CLANG_WARN_UNREACHABLE_CODE = YES;
				CLANG_WARN__DUPLICATE_METHOD_MATCH = YES;
				CODE_SIGN_IDENTITY = "iPhone Developer";
				COPY_PHASE_STRIP = NO;
				DEBUG_INFORMATION_FORMAT = dwarf;
				ENABLE_STRICT_OBJC_MSGSEND = YES;
				ENABLE_TESTABILITY = YES;
				GCC_C_LANGUAGE_STANDARD = gnu11;
				GCC_DYNAMIC_NO_PIC = NO;
				GCC_NO_COMMON_BLOCKS = YES;
				GCC_OPTIMIZATION_LEVEL = 0;
				GCC_PREPROCESSOR_DEFINITIONS = (
					"DEBUG=1",
					"$(inherited)",
				);
				GCC_WARN_64_TO_32_BIT_CONVERSION = YES;
				GCC_WARN_ABOUT_RETURN_TYPE = YES_ERROR;
				GCC_WARN_UNDECLARED_SELECTOR = YES;
				GCC_WARN_UNINITIALIZED_AUTOS = YES_AGGRESSIVE;
				GCC_WARN_UNUSED_FUNCTION = YES;
				GCC_WARN_UNUSED_VARIABLE = YES;
				IPHONEOS_DEPLOYMENT_TARGET = 11.4;
				MTL_ENABLE_DEBUG_INFO = YES;
				ONLY_ACTIVE_ARCH = YES;
				SDKROOT = iphoneos;
			};
			name = Debug;
		};
		B1A38D98216DD16D007E06E5 /* Release */ = {
			isa = XCBuildConfiguration;
			buildSettings = {
				ALWAYS_SEARCH_USER_PATHS = NO;
				CLANG_ANALYZER_NONNULL = YES;
				CLANG_ANALYZER_NUMBER_OBJECT_CONVERSION = YES_AGGRESSIVE;
				CLANG_CXX_LANGUAGE_STANDARD = "gnu++14";
				CLANG_CXX_LIBRARY = "libc++";
				CLANG_ENABLE_MODULES = YES;
				CLANG_ENABLE_OBJC_ARC = YES;
				CLANG_ENABLE_OBJC_WEAK = YES;
				CLANG_WARN_BLOCK_CAPTURE_AUTORELEASING = YES;
				CLANG_WARN_BOOL_CONVERSION = YES;
				CLANG_WARN_COMMA = YES;
				CLANG_WARN_CONSTANT_CONVERSION = YES;
				CLANG_WARN_DEPRECATED_OBJC_IMPLEMENTATIONS = YES;
				CLANG_WARN_DIRECT_OBJC_ISA_USAGE = YES_ERROR;
				CLANG_WARN_DOCUMENTATION_COMMENTS = YES;
				CLANG_WARN_EMPTY_BODY = YES;
				CLANG_WARN_ENUM_CONVERSION = YES;
				CLANG_WARN_INFINITE_RECURSION = YES;
				CLANG_WARN_INT_CONVERSION = YES;
				CLANG_WARN_NON_LITERAL_NULL_CONVERSION = YES;
				CLANG_WARN_OBJC_IMPLICIT_RETAIN_SELF = YES;
				CLANG_WARN_OBJC_LITERAL_CONVERSION = YES;
				CLANG_WARN_OBJC_ROOT_CLASS = YES_ERROR;
				CLANG_WARN_RANGE_LOOP_ANALYSIS = YES;
				CLANG_WARN_STRICT_PROTOTYPES = YES;
				CLANG_WARN_SUSPICIOUS_MOVE = YES;
				CLANG_WARN_UNGUARDED_AVAILABILITY = YES_AGGRESSIVE;
				CLANG_WARN_UNREACHABLE_CODE = YES;
				CLANG_WARN__DUPLICATE_METHOD_MATCH = YES;
				CODE_SIGN_IDENTITY = "iPhone Developer";
				COPY_PHASE_STRIP = NO;
				DEBUG_INFORMATION_FORMAT = "dwarf-with-dsym";
				ENABLE_NS_ASSERTIONS = NO;
				ENABLE_STRICT_OBJC_MSGSEND = YES;
				GCC_C_LANGUAGE_STANDARD = gnu11;
				GCC_NO_COMMON_BLOCKS = YES;
				GCC_WARN_64_TO_32_BIT_CONVERSION = YES;
				GCC_WARN_ABOUT_RETURN_TYPE = YES_ERROR;
				GCC_WARN_UNDECLARED_SELECTOR = YES;
				GCC_WARN_UNINITIALIZED_AUTOS = YES_AGGRESSIVE;
				GCC_WARN_UNUSED_FUNCTION = YES;
				GCC_WARN_UNUSED_VARIABLE = YES;
				IPHONEOS_DEPLOYMENT_TARGET = 11.4;
				MTL_ENABLE_DEBUG_INFO = NO;
				SDKROOT = iphoneos;
				VALIDATE_PRODUCT = YES;
			};
			name = Release;
		};
		B1A38D9A216DD16D007E06E5 /* Debug */ = {
			isa = XCBuildConfiguration;
			buildSettings = {
				ASSETCATALOG_COMPILER_APPICON_NAME = AppIcon;
				CODE_SIGN_STYLE = Automatic;
				INFOPLIST_FILE = TouchTracker/Info.plist;
				LD_RUNPATH_SEARCH_PATHS = (
					"$(inherited)",
					"@executable_path/Frameworks",
				);
				PRODUCT_BUNDLE_IDENTIFIER = bfe.TouchTracker;
				PRODUCT_NAME = "$(TARGET_NAME)";
				TARGETED_DEVICE_FAMILY = "1,2";
			};
			name = Debug;
		};
		B1A38D9B216DD16D007E06E5 /* Release */ = {
			isa = XCBuildConfiguration;
			buildSettings = {
				ASSETCATALOG_COMPILER_APPICON_NAME = AppIcon;
				CODE_SIGN_STYLE = Automatic;
				INFOPLIST_FILE = TouchTracker/Info.plist;
				LD_RUNPATH_SEARCH_PATHS = (
					"$(inherited)",
					"@executable_path/Frameworks",
				);
				PRODUCT_BUNDLE_IDENTIFIER = bfe.TouchTracker;
				PRODUCT_NAME = "$(TARGET_NAME)";
				TARGETED_DEVICE_FAMILY = "1,2";
			};
			name = Release;
		};
/* End XCBuildConfiguration section */

/* Begin XCConfigurationList section */
		B1A38D7E216DD16C007E06E5 /* Build configuration list for PBXProject "TouchTracker" */ = {
			isa = XCConfigurationList;
			buildConfigurations = (
				B1A38D97216DD16D007E06E5 /* Debug */,
				B1A38D98216DD16D007E06E5 /* Release */,
			);
			defaultConfigurationIsVisible = 0;
			defaultConfigurationName = Release;
		};
		B1A38D99216DD16D007E06E5 /* Build configuration list for PBXNativeTarget "TouchTracker" */ = {
			isa = XCConfigurationList;
			buildConfigurations = (
				B1A38D9A216DD16D007E06E5 /* Debug */,
				B1A38D9B216DD16D007E06E5 /* Release */,
			);
			defaultConfigurationIsVisible = 0;
			defaultConfigurationName = Release;
		};
/* End XCConfigurationList section */
	};
	rootObject = B1A38D7B216DD16C007E06E5 /* Project object */;
}
