// !$*UTF8*$!
{
	archiveVersion = 1;
	classes = {
	};
	objectVersion = 50;
	objects = {

/* Begin PBXBuildFile section */
		B1966914238E6B7A00DF6E40 /* AppDelegate.m in Sources */ = {isa = PBXBuildFile; fileRef = B1966913238E6B7A00DF6E40 /* AppDelegate.m */; };
		B1966917238E6B7A00DF6E40 /* SceneDelegate.m in Sources */ = {isa = PBXBuildFile; fileRef = B1966916238E6B7A00DF6E40 /* SceneDelegate.m */; };
		B196691A238E6B7A00DF6E40 /* ViewController.m in Sources */ = {isa = PBXBuildFile; fileRef = B1966919238E6B7A00DF6E40 /* ViewController.m */; };
		B196691D238E6B7A00DF6E40 /* Main.storyboard in Resources */ = {isa = PBXBuildFile; fileRef = B196691B238E6B7A00DF6E40 /* Main.storyboard */; };
		B196691F238E6B7D00DF6E40 /* Assets.xcassets in Resources */ = {isa = PBXBuildFile; fileRef = B196691E238E6B7D00DF6E40 /* Assets.xcassets */; };
		B1966922238E6B7D00DF6E40 /* LaunchScreen.storyboard in Resources */ = {isa = PBXBuildFile; fileRef = B1966920238E6B7D00DF6E40 /* LaunchScreen.storyboard */; };
		B1966925238E6B7D00DF6E40 /* main.m in Sources */ = {isa = PBXBuildFile; fileRef = B1966924238E6B7D00DF6E40 /* main.m */; };
		B1966948238E6C4C00DF6E40 /* athletics.gif in Resources */ = {isa = PBXBuildFile; fileRef = B196693F238E6C4C00DF6E40 /* athletics.gif */; };
		B1966949238E6C4C00DF6E40 /* archery.gif in Resources */ = {isa = PBXBuildFile; fileRef = B1966940238E6C4C00DF6E40 /* archery.gif */; };
		B196694A238E6C4C00DF6E40 /* boxing.gif in Resources */ = {isa = PBXBuildFile; fileRef = B1966941238E6C4C00DF6E40 /* boxing.gif */; };
		B196694B238E6C4C00DF6E40 /* events.plist in Resources */ = {isa = PBXBuildFile; fileRef = B1966942238E6C4C00DF6E40 /* events.plist */; };
		B196694C238E6C4C00DF6E40 /* basketball.gif in Resources */ = {isa = PBXBuildFile; fileRef = B1966943238E6C4C00DF6E40 /* basketball.gif */; };
		B196694D238E6C4C00DF6E40 /* canoe-sprint.gif in Resources */ = {isa = PBXBuildFile; fileRef = B1966944238E6C4C00DF6E40 /* canoe-sprint.gif */; };
		B196694E238E6C4C00DF6E40 /* beach-volleyball.gif in Resources */ = {isa = PBXBuildFile; fileRef = B1966945238E6C4C00DF6E40 /* beach-volleyball.gif */; };
		B196694F238E6C4C00DF6E40 /* badminton.gif in Resources */ = {isa = PBXBuildFile; fileRef = B1966946238E6C4C00DF6E40 /* badminton.gif */; };
		B1966950238E6C4C00DF6E40 /* canoe-slalom.gif in Resources */ = {isa = PBXBuildFile; fileRef = B1966947238E6C4C00DF6E40 /* canoe-slalom.gif */; };
		B1966956238E6F8E00DF6E40 /* EventCollectionViewCell.m in Sources */ = {isa = PBXBuildFile; fileRef = B1966955238E6F8E00DF6E40 /* EventCollectionViewCell.m */; };
/* End PBXBuildFile section */

/* Begin PBXFileReference section */
		B196690F238E6B7A00DF6E40 /* CollectionViewSample.app */ = {isa = PBXFileReference; explicitFileType = wrapper.application; includeInIndex = 0; path = CollectionViewSample.app; sourceTree = BUILT_PRODUCTS_DIR; };
		B1966912238E6B7A00DF6E40 /* AppDelegate.h */ = {isa = PBXFileReference; lastKnownFileType = sourcecode.c.h; path = AppDelegate.h; sourceTree = "<group>"; };
		B1966913238E6B7A00DF6E40 /* AppDelegate.m */ = {isa = PBXFileReference; lastKnownFileType = sourcecode.c.objc; path = AppDelegate.m; sourceTree = "<group>"; };
		B1966915238E6B7A00DF6E40 /* SceneDelegate.h */ = {isa = PBXFileReference; lastKnownFileType = sourcecode.c.h; path = SceneDelegate.h; sourceTree = "<group>"; };
		B1966916238E6B7A00DF6E40 /* SceneDelegate.m */ = {isa = PBXFileReference; lastKnownFileType = sourcecode.c.objc; path = SceneDelegate.m; sourceTree = "<group>"; };
		B1966918238E6B7A00DF6E40 /* ViewController.h */ = {isa = PBXFileReference; lastKnownFileType = sourcecode.c.h; path = ViewController.h; sourceTree = "<group>"; };
		B1966919238E6B7A00DF6E40 /* ViewController.m */ = {isa = PBXFileReference; lastKnownFileType = sourcecode.c.objc; path = ViewController.m; sourceTree = "<group>"; };
		B196691C238E6B7A00DF6E40 /* Base */ = {isa = PBXFileReference; lastKnownFileType = file.storyboard; name = Base; path = Base.lproj/Main.storyboard; sourceTree = "<group>"; };
		B196691E238E6B7D00DF6E40 /* Assets.xcassets */ = {isa = PBXFileReference; lastKnownFileType = folder.assetcatalog; path = Assets.xcassets; sourceTree = "<group>"; };
		B1966921238E6B7D00DF6E40 /* Base */ = {isa = PBXFileReference; lastKnownFileType = file.storyboard; name = Base; path = Base.lproj/LaunchScreen.storyboard; sourceTree = "<group>"; };
		B1966923238E6B7D00DF6E40 /* Info.plist */ = {isa = PBXFileReference; lastKnownFileType = text.plist.xml; path = Info.plist; sourceTree = "<group>"; };
		B1966924238E6B7D00DF6E40 /* main.m */ = {isa = PBXFileReference; lastKnownFileType = sourcecode.c.objc; path = main.m; sourceTree = "<group>"; };
		B196693F238E6C4C00DF6E40 /* athletics.gif */ = {isa = PBXFileReference; lastKnownFileType = image.gif; path = athletics.gif; sourceTree = "<group>"; };
		B1966940238E6C4C00DF6E40 /* archery.gif */ = {isa = PBXFileReference; lastKnownFileType = image.gif; path = archery.gif; sourceTree = "<group>"; };
		B1966941238E6C4C00DF6E40 /* boxing.gif */ = {isa = PBXFileReference; lastKnownFileType = image.gif; path = boxing.gif; sourceTree = "<group>"; };
		B1966942238E6C4C00DF6E40 /* events.plist */ = {isa = PBXFileReference; fileEncoding = 4; lastKnownFileType = text.plist.xml; path = events.plist; sourceTree = "<group>"; };
		B1966943238E6C4C00DF6E40 /* basketball.gif */ = {isa = PBXFileReference; lastKnownFileType = image.gif; path = basketball.gif; sourceTree = "<group>"; };
		B1966944238E6C4C00DF6E40 /* canoe-sprint.gif */ = {isa = PBXFileReference; lastKnownFileType = image.gif; path = "canoe-sprint.gif"; sourceTree = "<group>"; };
		B1966945238E6C4C00DF6E40 /* beach-volleyball.gif */ = {isa = PBXFileReference; lastKnownFileType = image.gif; path = "beach-volleyball.gif"; sourceTree = "<group>"; };
		B1966946238E6C4C00DF6E40 /* badminton.gif */ = {isa = PBXFileReference; lastKnownFileType = image.gif; path = badminton.gif; sourceTree = "<group>"; };
		B1966947238E6C4C00DF6E40 /* canoe-slalom.gif */ = {isa = PBXFileReference; lastKnownFileType = image.gif; path = "canoe-slalom.gif"; sourceTree = "<group>"; };
		B1966954238E6F8E00DF6E40 /* EventCollectionViewCell.h */ = {isa = PBXFileReference; lastKnownFileType = sourcecode.c.h; path = EventCollectionViewCell.h; sourceTree = "<group>"; };
		B1966955238E6F8E00DF6E40 /* EventCollectionViewCell.m */ = {isa = PBXFileReference; lastKnownFileType = sourcecode.c.objc; path = EventCollectionViewCell.m; sourceTree = "<group>"; };
/* End PBXFileReference section */

/* Begin PBXFrameworksBuildPhase section */
		B196690C238E6B7A00DF6E40 /* Frameworks */ = {
			isa = PBXFrameworksBuildPhase;
			buildActionMask = 2147483647;
			files = (
			);
			runOnlyForDeploymentPostprocessing = 0;
		};
/* End PBXFrameworksBuildPhase section */

/* Begin PBXGroup section */
		B1966906238E6B7A00DF6E40 = {
			isa = PBXGroup;
			children = (
				B1966911238E6B7A00DF6E40 /* CollectionViewSample */,
				B1966910238E6B7A00DF6E40 /* Products */,
			);
			sourceTree = "<group>";
		};
		B1966910238E6B7A00DF6E40 /* Products */ = {
			isa = PBXGroup;
			children = (
				B196690F238E6B7A00DF6E40 /* CollectionViewSample.app */,
			);
			name = Products;
			sourceTree = "<group>";
		};
		B1966911238E6B7A00DF6E40 /* CollectionViewSample */ = {
			isa = PBXGroup;
			children = (
				B1966912238E6B7A00DF6E40 /* AppDelegate.h */,
				B1966913238E6B7A00DF6E40 /* AppDelegate.m */,
				B1966915238E6B7A00DF6E40 /* SceneDelegate.h */,
				B1966916238E6B7A00DF6E40 /* SceneDelegate.m */,
				B1966918238E6B7A00DF6E40 /* ViewController.h */,
				B1966919238E6B7A00DF6E40 /* ViewController.m */,
				B196691B238E6B7A00DF6E40 /* Main.storyboard */,
				B196691E238E6B7D00DF6E40 /* Assets.xcassets */,
				B1966920238E6B7D00DF6E40 /* LaunchScreen.storyboard */,
				B1966923238E6B7D00DF6E40 /* Info.plist */,
				B1966924238E6B7D00DF6E40 /* main.m */,
				B196693E238E6C4C00DF6E40 /* Olympics_Pic */,
				B1966954238E6F8E00DF6E40 /* EventCollectionViewCell.h */,
				B1966955238E6F8E00DF6E40 /* EventCollectionViewCell.m */,
			);
			path = CollectionViewSample;
			sourceTree = "<group>";
		};
		B196693E238E6C4C00DF6E40 /* Olympics_Pic */ = {
			isa = PBXGroup;
			children = (
				B196693F238E6C4C00DF6E40 /* athletics.gif */,
				B1966940238E6C4C00DF6E40 /* archery.gif */,
				B1966941238E6C4C00DF6E40 /* boxing.gif */,
				B1966942238E6C4C00DF6E40 /* events.plist */,
				B1966943238E6C4C00DF6E40 /* basketball.gif */,
				B1966944238E6C4C00DF6E40 /* canoe-sprint.gif */,
				B1966945238E6C4C00DF6E40 /* beach-volleyball.gif */,
				B1966946238E6C4C00DF6E40 /* badminton.gif */,
				B1966947238E6C4C00DF6E40 /* canoe-slalom.gif */,
			);
			path = Olympics_Pic;
			sourceTree = "<group>";
		};
/* End PBXGroup section */

/* Begin PBXNativeTarget section */
		B196690E238E6B7A00DF6E40 /* CollectionViewSample */ = {
			isa = PBXNativeTarget;
			buildConfigurationList = B1966928238E6B7D00DF6E40 /* Build configuration list for PBXNativeTarget "CollectionViewSample" */;
			buildPhases = (
				B196690B238E6B7A00DF6E40 /* Sources */,
				B196690C238E6B7A00DF6E40 /* Frameworks */,
				B196690D238E6B7A00DF6E40 /* Resources */,
			);
			buildRules = (
			);
			dependencies = (
			);
			name = CollectionViewSample;
			productName = CollectionViewSample;
			productReference = B196690F238E6B7A00DF6E40 /* CollectionViewSample.app */;
			productType = "com.apple.product-type.application";
		};
/* End PBXNativeTarget section */

/* Begin PBXProject section */
		B1966907238E6B7A00DF6E40 /* Project object */ = {
			isa = PBXProject;
			attributes = {
				LastUpgradeCheck = 1120;
				ORGANIZATIONNAME = bfe;
				TargetAttributes = {
					B196690E238E6B7A00DF6E40 = {
						CreatedOnToolsVersion = 11.2.1;
					};
				};
			};
			buildConfigurationList = B196690A238E6B7A00DF6E40 /* Build configuration list for PBXProject "CollectionViewSample" */;
			compatibilityVersion = "Xcode 9.3";
			developmentRegion = en;
			hasScannedForEncodings = 0;
			knownRegions = (
				en,
				Base,
			);
			mainGroup = B1966906238E6B7A00DF6E40;
			productRefGroup = B1966910238E6B7A00DF6E40 /* Products */;
			projectDirPath = "";
			projectRoot = "";
			targets = (
				B196690E238E6B7A00DF6E40 /* CollectionViewSample */,
			);
		};
/* End PBXProject section */

/* Begin PBXResourcesBuildPhase section */
		B196690D238E6B7A00DF6E40 /* Resources */ = {
			isa = PBXResourcesBuildPhase;
			buildActionMask = 2147483647;
			files = (
				B1966922238E6B7D00DF6E40 /* LaunchScreen.storyboard in Resources */,
				B196694F238E6C4C00DF6E40 /* badminton.gif in Resources */,
				B196691F238E6B7D00DF6E40 /* Assets.xcassets in Resources */,
				B1966950238E6C4C00DF6E40 /* canoe-slalom.gif in Resources */,
				B1966948238E6C4C00DF6E40 /* athletics.gif in Resources */,
				B196691D238E6B7A00DF6E40 /* Main.storyboard in Resources */,
				B196694E238E6C4C00DF6E40 /* beach-volleyball.gif in Resources */,
				B1966949238E6C4C00DF6E40 /* archery.gif in Resources */,
				B196694A238E6C4C00DF6E40 /* boxing.gif in Resources */,
				B196694B238E6C4C00DF6E40 /* events.plist in Resources */,
				B196694D238E6C4C00DF6E40 /* canoe-sprint.gif in Resources */,
				B196694C238E6C4C00DF6E40 /* basketball.gif in Resources */,
			);
			runOnlyForDeploymentPostprocessing = 0;
		};
/* End PBXResourcesBuildPhase section */

/* Begin PBXSourcesBuildPhase section */
		B196690B238E6B7A00DF6E40 /* Sources */ = {
			isa = PBXSourcesBuildPhase;
			buildActionMask = 2147483647;
			files = (
				B1966956238E6F8E00DF6E40 /* EventCollectionViewCell.m in Sources */,
				B196691A238E6B7A00DF6E40 /* ViewController.m in Sources */,
				B1966914238E6B7A00DF6E40 /* AppDelegate.m in Sources */,
				B1966925238E6B7D00DF6E40 /* main.m in Sources */,
				B1966917238E6B7A00DF6E40 /* SceneDelegate.m in Sources */,
			);
			runOnlyForDeploymentPostprocessing = 0;
		};
/* End PBXSourcesBuildPhase section */

/* Begin PBXVariantGroup section */
		B196691B238E6B7A00DF6E40 /* Main.storyboard */ = {
			isa = PBXVariantGroup;
			children = (
				B196691C238E6B7A00DF6E40 /* Base */,
			);
			name = Main.storyboard;
			sourceTree = "<group>";
		};
		B1966920238E6B7D00DF6E40 /* LaunchScreen.storyboard */ = {
			isa = PBXVariantGroup;
			children = (
				B1966921238E6B7D00DF6E40 /* Base */,
			);
			name = LaunchScreen.storyboard;
			sourceTree = "<group>";
		};
/* End PBXVariantGroup section */

/* Begin XCBuildConfiguration section */
		B1966926238E6B7D00DF6E40 /* Debug */ = {
			isa = XCBuildConfiguration;
			buildSettings = {
				ALWAYS_SEARCH_USER_PATHS = NO;
				CLANG_ANALYZER_NONNULL = YES;
				CLANG_ANALYZER_NUMBER_OBJECT_CONVERSION = YES_AGGRESSIVE;
				CLANG_CXX_LANGUAGE_STANDARD = "gnu++14";
				CLANG_CXX_LIBRARY = "libc++";
				CLANG_ENABLE_MODULES = YES;
				CLANG_ENABLE_OBJC_ARC = YES;
				CLANG_ENABLE_OBJC_WEAK = YES;
				CLANG_WARN_BLOCK_CAPTURE_AUTORELEASING = YES;
				CLANG_WARN_BOOL_CONVERSION = YES;
				CLANG_WARN_COMMA = YES;
				CLANG_WARN_CONSTANT_CONVERSION = YES;
				CLANG_WARN_DEPRECATED_OBJC_IMPLEMENTATIONS = YES;
				CLANG_WARN_DIRECT_OBJC_ISA_USAGE = YES_ERROR;
				CLANG_WARN_DOCUMENTATION_COMMENTS = YES;
				CLANG_WARN_EMPTY_BODY = YES;
				CLANG_WARN_ENUM_CONVERSION = YES;
				CLANG_WARN_INFINITE_RECURSION = YES;
				CLANG_WARN_INT_CONVERSION = YES;
				CLANG_WARN_NON_LITERAL_NULL_CONVERSION = YES;
				CLANG_WARN_OBJC_IMPLICIT_RETAIN_SELF = YES;
				CLANG_WARN_OBJC_LITERAL_CONVERSION = YES;
				CLANG_WARN_OBJC_ROOT_CLASS = YES_ERROR;
				CLANG_WARN_RANGE_LOOP_ANALYSIS = YES;
				CLANG_WARN_STRICT_PROTOTYPES = YES;
				CLANG_WARN_SUSPICIOUS_MOVE = YES;
				CLANG_WARN_UNGUARDED_AVAILABILITY = YES_AGGRESSIVE;
				CLANG_WARN_UNREACHABLE_CODE = YES;
				CLANG_WARN__DUPLICATE_METHOD_MATCH = YES;
				COPY_PHASE_STRIP = NO;
				DEBUG_INFORMATION_FORMAT = dwarf;
				ENABLE_STRICT_OBJC_MSGSEND = YES;
				ENABLE_TESTABILITY = YES;
				GCC_C_LANGUAGE_STANDARD = gnu11;
				GCC_DYNAMIC_NO_PIC = NO;
				GCC_NO_COMMON_BLOCKS = YES;
				GCC_OPTIMIZATION_LEVEL = 0;
				GCC_PREPROCESSOR_DEFINITIONS = (
					"DEBUG=1",
					"$(inherited)",
				);
				GCC_WARN_64_TO_32_BIT_CONVERSION = YES;
				GCC_WARN_ABOUT_RETURN_TYPE = YES_ERROR;
				GCC_WARN_UNDECLARED_SELECTOR = YES;
				GCC_WARN_UNINITIALIZED_AUTOS = YES_AGGRESSIVE;
				GCC_WARN_UNUSED_FUNCTION = YES;
				GCC_WARN_UNUSED_VARIABLE = YES;
				IPHONEOS_DEPLOYMENT_TARGET = 13.2;
				MTL_ENABLE_DEBUG_INFO = INCLUDE_SOURCE;
				MTL_FAST_MATH = YES;
				ONLY_ACTIVE_ARCH = YES;
				SDKROOT = iphoneos;
			};
			name = Debug;
		};
		B1966927238E6B7D00DF6E40 /* Release */ = {
			isa = XCBuildConfiguration;
			buildSettings = {
				ALWAYS_SEARCH_USER_PATHS = NO;
				CLANG_ANALYZER_NONNULL = YES;
				CLANG_ANALYZER_NUMBER_OBJECT_CONVERSION = YES_AGGRESSIVE;
				CLANG_CXX_LANGUAGE_STANDARD = "gnu++14";
				CLANG_CXX_LIBRARY = "libc++";
				CLANG_ENABLE_MODULES = YES;
				CLANG_ENABLE_OBJC_ARC = YES;
				CLANG_ENABLE_OBJC_WEAK = YES;
				CLANG_WARN_BLOCK_CAPTURE_AUTORELEASING = YES;
				CLANG_WARN_BOOL_CONVERSION = YES;
				CLANG_WARN_COMMA = YES;
				CLANG_WARN_CONSTANT_CONVERSION = YES;
				CLANG_WARN_DEPRECATED_OBJC_IMPLEMENTATIONS = YES;
				CLANG_WARN_DIRECT_OBJC_ISA_USAGE = YES_ERROR;
				CLANG_WARN_DOCUMENTATION_COMMENTS = YES;
				CLANG_WARN_EMPTY_BODY = YES;
				CLANG_WARN_ENUM_CONVERSION = YES;
				CLANG_WARN_INFINITE_RECURSION = YES;
				CLANG_WARN_INT_CONVERSION = YES;
				CLANG_WARN_NON_LITERAL_NULL_CONVERSION = YES;
				CLANG_WARN_OBJC_IMPLICIT_RETAIN_SELF = YES;
				CLANG_WARN_OBJC_LITERAL_CONVERSION = YES;
				CLANG_WARN_OBJC_ROOT_CLASS = YES_ERROR;
				CLANG_WARN_RANGE_LOOP_ANALYSIS = YES;
				CLANG_WARN_STRICT_PROTOTYPES = YES;
				CLANG_WARN_SUSPICIOUS_MOVE = YES;
				CLANG_WARN_UNGUARDED_AVAILABILITY = YES_AGGRESSIVE;
				CLANG_WARN_UNREACHABLE_CODE = YES;
				CLANG_WARN__DUPLICATE_METHOD_MATCH = YES;
				COPY_PHASE_STRIP = NO;
				DEBUG_INFORMATION_FORMAT = "dwarf-with-dsym";
				ENABLE_NS_ASSERTIONS = NO;
				ENABLE_STRICT_OBJC_MSGSEND = YES;
				GCC_C_LANGUAGE_STANDARD = gnu11;
				GCC_NO_COMMON_BLOCKS = YES;
				GCC_WARN_64_TO_32_BIT_CONVERSION = YES;
				GCC_WARN_ABOUT_RETURN_TYPE = YES_ERROR;
				GCC_WARN_UNDECLARED_SELECTOR = YES;
				GCC_WARN_UNINITIALIZED_AUTOS = YES_AGGRESSIVE;
				GCC_WARN_UNUSED_FUNCTION = YES;
				GCC_WARN_UNUSED_VARIABLE = YES;
				IPHONEOS_DEPLOYMENT_TARGET = 13.2;
				MTL_ENABLE_DEBUG_INFO = NO;
				MTL_FAST_MATH = YES;
				SDKROOT = iphoneos;
				VALIDATE_PRODUCT = YES;
			};
			name = Release;
		};
		B1966929238E6B7D00DF6E40 /* Debug */ = {
			isa = XCBuildConfiguration;
			buildSettings = {
				ASSETCATALOG_COMPILER_APPICON_NAME = AppIcon;
				CODE_SIGN_STYLE = Automatic;
				DEVELOPMENT_TEAM = ZXF2QQ7KW5;
				INFOPLIST_FILE = CollectionViewSample/Info.plist;
				LD_RUNPATH_SEARCH_PATHS = (
					"$(inherited)",
					"@executable_path/Frameworks",
				);
				PRODUCT_BUNDLE_IDENTIFIER = bfe.CollectionViewSample;
				PRODUCT_NAME = "$(TARGET_NAME)";
				TARGETED_DEVICE_FAMILY = "1,2";
			};
			name = Debug;
		};
		B196692A238E6B7D00DF6E40 /* Release */ = {
			isa = XCBuildConfiguration;
			buildSettings = {
				ASSETCATALOG_COMPILER_APPICON_NAME = AppIcon;
				CODE_SIGN_STYLE = Automatic;
				DEVELOPMENT_TEAM = ZXF2QQ7KW5;
				INFOPLIST_FILE = CollectionViewSample/Info.plist;
				LD_RUNPATH_SEARCH_PATHS = (
					"$(inherited)",
					"@executable_path/Frameworks",
				);
				PRODUCT_BUNDLE_IDENTIFIER = bfe.CollectionViewSample;
				PRODUCT_NAME = "$(TARGET_NAME)";
				TARGETED_DEVICE_FAMILY = "1,2";
			};
			name = Release;
		};
/* End XCBuildConfiguration section */

/* Begin XCConfigurationList section */
		B196690A238E6B7A00DF6E40 /* Build configuration list for PBXProject "CollectionViewSample" */ = {
			isa = XCConfigurationList;
			buildConfigurations = (
				B1966926238E6B7D00DF6E40 /* Debug */,
				B1966927238E6B7D00DF6E40 /* Release */,
			);
			defaultConfigurationIsVisible = 0;
			defaultConfigurationName = Release;
		};
		B1966928238E6B7D00DF6E40 /* Build configuration list for PBXNativeTarget "CollectionViewSample" */ = {
			isa = XCConfigurationList;
			buildConfigurations = (
				B1966929238E6B7D00DF6E40 /* Debug */,
				B196692A238E6B7D00DF6E40 /* Release */,
			);
			defaultConfigurationIsVisible = 0;
			defaultConfigurationName = Release;
		};
/* End XCConfigurationList section */
	};
	rootObject = B1966907238E6B7A00DF6E40 /* Project object */;
}
